# THIS IS AN AUTOGENERATED FILE. DO NOT EDIT THIS FILE DIRECTLY.
# yarn lockfile v1


bowser@^2.10.0:
  version "2.10.0"
  resolved "https://registry.yarnpkg.com/bowser/-/bowser-2.10.0.tgz#be3736f161c4bb8b10958027ab99465d2a811198"
  integrity sha512-OCsqTQboTEWWsUjcp5jLSw2ZHsBiv2C105iFs61bOT0Hnwi9p7/uuXdd7mu8RYcarREfdjNN+8LitmEHATsLYg==

fs@^0.0.1-security:
  version "0.0.1-security"
  resolved "https://registry.yarnpkg.com/fs/-/fs-0.0.1-security.tgz#8a7bd37186b6dddf3813f23858b57ecaaf5e41d4"
  integrity sha1-invTcYa23d84E/I4WLV+yq9eQdQ=

ltsv@^2.0.0:
  version "2.0.0"
  resolved "https://registry.yarnpkg.com/ltsv/-/ltsv-2.0.0.tgz#793089248c3085333d3679f7911f2f035d9a33d5"
  integrity sha512-GHuxtVXN2n3nIdoTAb8SoNsTGAyfvLhqQ+vgowQUp2oHD8kWtj3HQFGhbP0opvABvbIDoBNt7MTXFZZtCyV3Pw==
